// !$*UTF8*$!
{
	archiveVersion = 1;
	classes = {
	};
	objectVersion = 51;
	objects = {

/* Begin PBXBuildFile section */
		9B8C89AE2228A155C5D8360D /* Pods_jt_job_timer_app.framework in Frameworks */ = {isa = PBXBuildFile; fileRef = BBA76E0596C3314E51593A28 /* Pods_jt_job_timer_app.framework */; };
		A014D9EE261E0DD4007CD017 /* DetailCollectionCellCollectionViewCell.swift in Sources */ = {isa = PBXBuildFile; fileRef = A014D9ED261E0DD4007CD017 /* DetailCollectionCellCollectionViewCell.swift */; };
		A015A8D22592827A002BD06D /* ClientViewController.swift in Sources */ = {isa = PBXBuildFile; fileRef = A015A8D125928279002BD06D /* ClientViewController.swift */; };
		A015A8D52593508E002BD06D /* RoundTableViewCell.swift in Sources */ = {isa = PBXBuildFile; fileRef = A015A8D42593508D002BD06D /* RoundTableViewCell.swift */; };
		A015A8D825935104002BD06D /* RoundTableView.swift in Sources */ = {isa = PBXBuildFile; fileRef = A015A8D725935104002BD06D /* RoundTableView.swift */; };
		A015A8DB259489C8002BD06D /* RoundLabel.swift in Sources */ = {isa = PBXBuildFile; fileRef = A015A8DA259489C8002BD06D /* RoundLabel.swift */; };
		A015A8DE25948C17002BD06D /* AddClientViewController.swift in Sources */ = {isa = PBXBuildFile; fileRef = A015A8DD25948C17002BD06D /* AddClientViewController.swift */; };
		A02E70D6264EAD8B00BBCE14 /* BilledViewController.swift in Sources */ = {isa = PBXBuildFile; fileRef = A02E70D5264EAD8B00BBCE14 /* BilledViewController.swift */; };
		A03184B0259FA6EA00D637AF /* AddJobViewController.swift in Sources */ = {isa = PBXBuildFile; fileRef = A03184AF259FA6EA00D637AF /* AddJobViewController.swift */; };
		A03184B725A1A53200D637AF /* RoundTextField.swift in Sources */ = {isa = PBXBuildFile; fileRef = A03184B625A1A53200D637AF /* RoundTextField.swift */; };
		A044348625F51AD9002CBFAD /* ClientListViewController.swift in Sources */ = {isa = PBXBuildFile; fileRef = A044348525F51AD9002CBFAD /* ClientListViewController.swift */; };
		A04B618A2590AE60009C8607 /* AppDelegate.swift in Sources */ = {isa = PBXBuildFile; fileRef = A04B61892590AE60009C8607 /* AppDelegate.swift */; };
		A04B618C2590AE60009C8607 /* SceneDelegate.swift in Sources */ = {isa = PBXBuildFile; fileRef = A04B618B2590AE60009C8607 /* SceneDelegate.swift */; };
		A04B61912590AE60009C8607 /* Main.storyboard in Resources */ = {isa = PBXBuildFile; fileRef = A04B618F2590AE60009C8607 /* Main.storyboard */; };
		A04B61942590AE60009C8607 /* jt_job_timer_app.xcdatamodeld in Sources */ = {isa = PBXBuildFile; fileRef = A04B61922590AE60009C8607 /* jt_job_timer_app.xcdatamodeld */; };
		A04B61962590AE60009C8607 /* Assets.xcassets in Resources */ = {isa = PBXBuildFile; fileRef = A04B61952590AE60009C8607 /* Assets.xcassets */; };
		A04B61992590AE60009C8607 /* LaunchScreen.storyboard in Resources */ = {isa = PBXBuildFile; fileRef = A04B61972590AE60009C8607 /* LaunchScreen.storyboard */; };
		A04B61A32590B98D009C8607 /* HomeViewController.swift in Sources */ = {isa = PBXBuildFile; fileRef = A04B61A22590B98D009C8607 /* HomeViewController.swift */; };
		A04B61A62590B9D0009C8607 /* SettingsViewController.swift in Sources */ = {isa = PBXBuildFile; fileRef = A04B61A52590B9D0009C8607 /* SettingsViewController.swift */; };
		A06ECACF26CFEC9E0010955E /* LoginViewController.swift in Sources */ = {isa = PBXBuildFile; fileRef = A06ECACE26CFEC9E0010955E /* LoginViewController.swift */; };
		A06ECAD126CFF7800010955E /* TabBarController.swift in Sources */ = {isa = PBXBuildFile; fileRef = A06ECAD026CFF7800010955E /* TabBarController.swift */; };
		A07CDBAB27484C340020828F /* Truncation.swift in Sources */ = {isa = PBXBuildFile; fileRef = A07CDBAA27484C340020828F /* Truncation.swift */; };
		A07EDA4F259DFFB000E4A585 /* ClientDetailViewController.swift in Sources */ = {isa = PBXBuildFile; fileRef = A07EDA4E259DFFB000E4A585 /* ClientDetailViewController.swift */; };
		A099639A25B9F7530044ECD2 /* Models.swift in Sources */ = {isa = PBXBuildFile; fileRef = A099639925B9F7530044ECD2 /* Models.swift */; };
		A0F1EEF12590C28200DDEC94 /* RoundButton.swift in Sources */ = {isa = PBXBuildFile; fileRef = A0F1EEF02590C28200DDEC94 /* RoundButton.swift */; };
		A0F9A5032652A34C00D34F58 /* BilledCellCollectionViewCell.swift in Sources */ = {isa = PBXBuildFile; fileRef = A0F9A5022652A34C00D34F58 /* BilledCellCollectionViewCell.swift */; };
		A0FC94592591F9E700BC42DA /* GoogleService-Info.plist in Resources */ = {isa = PBXBuildFile; fileRef = A0FC94582591F9E700BC42DA /* GoogleService-Info.plist */; };
/* End PBXBuildFile section */

/* Begin PBXFileReference section */
		410BC18F2161DF8106BE201B /* Pods-jt job timer app.release.xcconfig */ = {isa = PBXFileReference; includeInIndex = 1; lastKnownFileType = text.xcconfig; name = "Pods-jt job timer app.release.xcconfig"; path = "Target Support Files/Pods-jt job timer app/Pods-jt job timer app.release.xcconfig"; sourceTree = "<group>"; };
		A014D9ED261E0DD4007CD017 /* DetailCollectionCellCollectionViewCell.swift */ = {isa = PBXFileReference; lastKnownFileType = sourcecode.swift; path = DetailCollectionCellCollectionViewCell.swift; sourceTree = "<group>"; };
		A015A8D125928279002BD06D /* ClientViewController.swift */ = {isa = PBXFileReference; lastKnownFileType = sourcecode.swift; path = ClientViewController.swift; sourceTree = "<group>"; };
		A015A8D42593508D002BD06D /* RoundTableViewCell.swift */ = {isa = PBXFileReference; fileEncoding = 4; lastKnownFileType = sourcecode.swift; path = RoundTableViewCell.swift; sourceTree = "<group>"; };
		A015A8D725935104002BD06D /* RoundTableView.swift */ = {isa = PBXFileReference; lastKnownFileType = sourcecode.swift; path = RoundTableView.swift; sourceTree = "<group>"; };
		A015A8DA259489C8002BD06D /* RoundLabel.swift */ = {isa = PBXFileReference; fileEncoding = 4; lastKnownFileType = sourcecode.swift; path = RoundLabel.swift; sourceTree = "<group>"; };
		A015A8DD25948C17002BD06D /* AddClientViewController.swift */ = {isa = PBXFileReference; lastKnownFileType = sourcecode.swift; path = AddClientViewController.swift; sourceTree = "<group>"; };
		A02E70D5264EAD8B00BBCE14 /* BilledViewController.swift */ = {isa = PBXFileReference; lastKnownFileType = sourcecode.swift; path = BilledViewController.swift; sourceTree = "<group>"; };
		A03184AF259FA6EA00D637AF /* AddJobViewController.swift */ = {isa = PBXFileReference; lastKnownFileType = sourcecode.swift; path = AddJobViewController.swift; sourceTree = "<group>"; };
		A03184B625A1A53200D637AF /* RoundTextField.swift */ = {isa = PBXFileReference; fileEncoding = 4; lastKnownFileType = sourcecode.swift; path = RoundTextField.swift; sourceTree = "<group>"; };
		A044348525F51AD9002CBFAD /* ClientListViewController.swift */ = {isa = PBXFileReference; lastKnownFileType = sourcecode.swift; path = ClientListViewController.swift; sourceTree = "<group>"; };
		A04B61862590AE60009C8607 /* jt job timer app.app */ = {isa = PBXFileReference; explicitFileType = wrapper.application; includeInIndex = 0; path = "jt job timer app.app"; sourceTree = BUILT_PRODUCTS_DIR; };
		A04B61892590AE60009C8607 /* AppDelegate.swift */ = {isa = PBXFileReference; lastKnownFileType = sourcecode.swift; path = AppDelegate.swift; sourceTree = "<group>"; };
		A04B618B2590AE60009C8607 /* SceneDelegate.swift */ = {isa = PBXFileReference; lastKnownFileType = sourcecode.swift; path = SceneDelegate.swift; sourceTree = "<group>"; };
		A04B61902590AE60009C8607 /* Base */ = {isa = PBXFileReference; lastKnownFileType = file.storyboard; name = Base; path = Base.lproj/Main.storyboard; sourceTree = "<group>"; };
		A04B61932590AE60009C8607 /* jt_job_timer_app.xcdatamodel */ = {isa = PBXFileReference; lastKnownFileType = wrapper.xcdatamodel; path = jt_job_timer_app.xcdatamodel; sourceTree = "<group>"; };
		A04B61952590AE60009C8607 /* Assets.xcassets */ = {isa = PBXFileReference; lastKnownFileType = folder.assetcatalog; path = Assets.xcassets; sourceTree = "<group>"; };
		A04B61982590AE60009C8607 /* Base */ = {isa = PBXFileReference; lastKnownFileType = file.storyboard; name = Base; path = Base.lproj/LaunchScreen.storyboard; sourceTree = "<group>"; };
		A04B619A2590AE61009C8607 /* Info.plist */ = {isa = PBXFileReference; lastKnownFileType = text.plist.xml; path = Info.plist; sourceTree = "<group>"; };
		A04B61A22590B98D009C8607 /* HomeViewController.swift */ = {isa = PBXFileReference; lastKnownFileType = sourcecode.swift; path = HomeViewController.swift; sourceTree = "<group>"; };
		A04B61A52590B9D0009C8607 /* SettingsViewController.swift */ = {isa = PBXFileReference; lastKnownFileType = sourcecode.swift; path = SettingsViewController.swift; sourceTree = "<group>"; };
		A06ECACE26CFEC9E0010955E /* LoginViewController.swift */ = {isa = PBXFileReference; lastKnownFileType = sourcecode.swift; path = LoginViewController.swift; sourceTree = "<group>"; };
		A06ECAD026CFF7800010955E /* TabBarController.swift */ = {isa = PBXFileReference; lastKnownFileType = sourcecode.swift; path = TabBarController.swift; sourceTree = "<group>"; };
		A07CDBAA27484C340020828F /* Truncation.swift */ = {isa = PBXFileReference; fileEncoding = 4; lastKnownFileType = sourcecode.swift; path = Truncation.swift; sourceTree = "<group>"; };
		A07EDA4E259DFFB000E4A585 /* ClientDetailViewController.swift */ = {isa = PBXFileReference; lastKnownFileType = sourcecode.swift; path = ClientDetailViewController.swift; sourceTree = "<group>"; };
		A099639925B9F7530044ECD2 /* Models.swift */ = {isa = PBXFileReference; lastKnownFileType = sourcecode.swift; path = Models.swift; sourceTree = "<group>"; };
		A0F1A4F5259201A60033BF8E /* jt job timer app.entitlements */ = {isa = PBXFileReference; lastKnownFileType = text.plist.entitlements; path = "jt job timer app.entitlements"; sourceTree = "<group>"; };
		A0F1EEF02590C28200DDEC94 /* RoundButton.swift */ = {isa = PBXFileReference; fileEncoding = 4; lastKnownFileType = sourcecode.swift; path = RoundButton.swift; sourceTree = "<group>"; };
		A0F9A5022652A34C00D34F58 /* BilledCellCollectionViewCell.swift */ = {isa = PBXFileReference; lastKnownFileType = sourcecode.swift; path = BilledCellCollectionViewCell.swift; sourceTree = "<group>"; };
		A0FC94582591F9E700BC42DA /* GoogleService-Info.plist */ = {isa = PBXFileReference; fileEncoding = 4; lastKnownFileType = text.plist.xml; path = "GoogleService-Info.plist"; sourceTree = "<group>"; };
		BBA76E0596C3314E51593A28 /* Pods_jt_job_timer_app.framework */ = {isa = PBXFileReference; explicitFileType = wrapper.framework; includeInIndex = 0; path = Pods_jt_job_timer_app.framework; sourceTree = BUILT_PRODUCTS_DIR; };
		D88E16EB3AC5E78F72F7731B /* Pods-jt job timer app.debug.xcconfig */ = {isa = PBXFileReference; includeInIndex = 1; lastKnownFileType = text.xcconfig; name = "Pods-jt job timer app.debug.xcconfig"; path = "Target Support Files/Pods-jt job timer app/Pods-jt job timer app.debug.xcconfig"; sourceTree = "<group>"; };
/* End PBXFileReference section */

/* Begin PBXFrameworksBuildPhase section */
		A04B61832590AE5F009C8607 /* Frameworks */ = {
			isa = PBXFrameworksBuildPhase;
			buildActionMask = 2147483647;
			files = (
				9B8C89AE2228A155C5D8360D /* Pods_jt_job_timer_app.framework in Frameworks */,
			);
			runOnlyForDeploymentPostprocessing = 0;
		};
/* End PBXFrameworksBuildPhase section */

/* Begin PBXGroup section */
		7315EEFA56561D35F023F45B /* Frameworks */ = {
			isa = PBXGroup;
			children = (
				BBA76E0596C3314E51593A28 /* Pods_jt_job_timer_app.framework */,
			);
			name = Frameworks;
			sourceTree = "<group>";
		};
		9333455AE06ED3458C654718 /* Pods */ = {
			isa = PBXGroup;
			children = (
				D88E16EB3AC5E78F72F7731B /* Pods-jt job timer app.debug.xcconfig */,
				410BC18F2161DF8106BE201B /* Pods-jt job timer app.release.xcconfig */,
			);
			path = Pods;
			sourceTree = "<group>";
		};
		A04B617D2590AE5F009C8607 = {
			isa = PBXGroup;
			children = (
				A04B61882590AE60009C8607 /* jt job timer app */,
				A04B61872590AE60009C8607 /* Products */,
				9333455AE06ED3458C654718 /* Pods */,
				7315EEFA56561D35F023F45B /* Frameworks */,
			);
			sourceTree = "<group>";
		};
		A04B61872590AE60009C8607 /* Products */ = {
			isa = PBXGroup;
			children = (
				A04B61862590AE60009C8607 /* jt job timer app.app */,
			);
			name = Products;
			sourceTree = "<group>";
		};
		A04B61882590AE60009C8607 /* jt job timer app */ = {
			isa = PBXGroup;
			children = (
				A0F1A4F5259201A60033BF8E /* jt job timer app.entitlements */,
				A04B61892590AE60009C8607 /* AppDelegate.swift */,
				A04B618B2590AE60009C8607 /* SceneDelegate.swift */,
				A04B618F2590AE60009C8607 /* Main.storyboard */,
				A06ECAD026CFF7800010955E /* TabBarController.swift */,
				A06ECACE26CFEC9E0010955E /* LoginViewController.swift */,
				A02E70D5264EAD8B00BBCE14 /* BilledViewController.swift */,
				A0F9A5022652A34C00D34F58 /* BilledCellCollectionViewCell.swift */,
				A044348525F51AD9002CBFAD /* ClientListViewController.swift */,
				A03184AF259FA6EA00D637AF /* AddJobViewController.swift */,
				A07EDA4E259DFFB000E4A585 /* ClientDetailViewController.swift */,
				A014D9ED261E0DD4007CD017 /* DetailCollectionCellCollectionViewCell.swift */,
				A099639925B9F7530044ECD2 /* Models.swift */,
				A015A8DD25948C17002BD06D /* AddClientViewController.swift */,
				A015A8D125928279002BD06D /* ClientViewController.swift */,
				A04B61A22590B98D009C8607 /* HomeViewController.swift */,
				A04B61A52590B9D0009C8607 /* SettingsViewController.swift */,
				A04B61952590AE60009C8607 /* Assets.xcassets */,
				A06ECACD26CFEAF80010955E /* Sevices Files */,
				A04B61972590AE60009C8607 /* LaunchScreen.storyboard */,
				A04B619A2590AE61009C8607 /* Info.plist */,
				A0FC94582591F9E700BC42DA /* GoogleService-Info.plist */,
				A04B61922590AE60009C8607 /* jt_job_timer_app.xcdatamodeld */,
			);
			path = "jt job timer app";
			sourceTree = "<group>";
		};
		A06ECACD26CFEAF80010955E /* Sevices Files */ = {
			isa = PBXGroup;
			children = (
				A0F1EEF02590C28200DDEC94 /* RoundButton.swift */,
				A015A8D725935104002BD06D /* RoundTableView.swift */,
				A015A8D42593508D002BD06D /* RoundTableViewCell.swift */,
				A03184B625A1A53200D637AF /* RoundTextField.swift */,
				A015A8DA259489C8002BD06D /* RoundLabel.swift */,
				A07CDBAA27484C340020828F /* Truncation.swift */,
			);
			path = "Sevices Files";
			sourceTree = "<group>";
		};
/* End PBXGroup section */

/* Begin PBXNativeTarget section */
		A04B61852590AE5F009C8607 /* jt job timer app */ = {
			isa = PBXNativeTarget;
			buildConfigurationList = A04B619D2590AE61009C8607 /* Build configuration list for PBXNativeTarget "jt job timer app" */;
			buildPhases = (
				4FAFD573D9DA868E90C3D783 /* [CP] Check Pods Manifest.lock */,
				A04B61822590AE5F009C8607 /* Sources */,
				A04B61832590AE5F009C8607 /* Frameworks */,
				A04B61842590AE5F009C8607 /* Resources */,
				5482CB06CE204F34F325BE88 /* [CP] Embed Pods Frameworks */,
				FE618ECE169C8D1F23D666CE /* [CP] Copy Pods Resources */,
			);
			buildRules = (
			);
			dependencies = (
			);
			name = "jt job timer app";
			productName = "jt job timer app";
			productReference = A04B61862590AE60009C8607 /* jt job timer app.app */;
			productType = "com.apple.product-type.application";
		};
/* End PBXNativeTarget section */

/* Begin PBXProject section */
		A04B617E2590AE5F009C8607 /* Project object */ = {
			isa = PBXProject;
			attributes = {
				LastSwiftUpdateCheck = 1220;
				LastUpgradeCheck = 1220;
				TargetAttributes = {
					A04B61852590AE5F009C8607 = {
						CreatedOnToolsVersion = 12.2;
					};
				};
			};
			buildConfigurationList = A04B61812590AE5F009C8607 /* Build configuration list for PBXProject "jt job timer app" */;
			compatibilityVersion = "Xcode 9.3";
			developmentRegion = en;
			hasScannedForEncodings = 0;
			knownRegions = (
				en,
				Base,
			);
			mainGroup = A04B617D2590AE5F009C8607;
			productRefGroup = A04B61872590AE60009C8607 /* Products */;
			projectDirPath = "";
			projectRoot = "";
			targets = (
				A04B61852590AE5F009C8607 /* jt job timer app */,
			);
		};
/* End PBXProject section */

/* Begin PBXResourcesBuildPhase section */
		A04B61842590AE5F009C8607 /* Resources */ = {
			isa = PBXResourcesBuildPhase;
			buildActionMask = 2147483647;
			files = (
				A04B61992590AE60009C8607 /* LaunchScreen.storyboard in Resources */,
				A0FC94592591F9E700BC42DA /* GoogleService-Info.plist in Resources */,
				A04B61962590AE60009C8607 /* Assets.xcassets in Resources */,
				A04B61912590AE60009C8607 /* Main.storyboard in Resources */,
			);
			runOnlyForDeploymentPostprocessing = 0;
		};
/* End PBXResourcesBuildPhase section */

/* Begin PBXShellScriptBuildPhase section */
		4FAFD573D9DA868E90C3D783 /* [CP] Check Pods Manifest.lock */ = {
			isa = PBXShellScriptBuildPhase;
			buildActionMask = 2147483647;
			files = (
			);
			inputFileListPaths = (
			);
			inputPaths = (
				"${PODS_PODFILE_DIR_PATH}/Podfile.lock",
				"${PODS_ROOT}/Manifest.lock",
			);
			name = "[CP] Check Pods Manifest.lock";
			outputFileListPaths = (
			);
			outputPaths = (
				"$(DERIVED_FILE_DIR)/Pods-jt job timer app-checkManifestLockResult.txt",
			);
			runOnlyForDeploymentPostprocessing = 0;
			shellPath = /bin/sh;
			shellScript = "diff \"${PODS_PODFILE_DIR_PATH}/Podfile.lock\" \"${PODS_ROOT}/Manifest.lock\" > /dev/null\nif [ $? != 0 ] ; then\n    # print error to STDERR\n    echo \"error: The sandbox is not in sync with the Podfile.lock. Run 'pod install' or update your CocoaPods installation.\" >&2\n    exit 1\nfi\n# This output is used by Xcode 'outputs' to avoid re-running this script phase.\necho \"SUCCESS\" > \"${SCRIPT_OUTPUT_FILE_0}\"\n";
			showEnvVarsInLog = 0;
		};
		5482CB06CE204F34F325BE88 /* [CP] Embed Pods Frameworks */ = {
			isa = PBXShellScriptBuildPhase;
			buildActionMask = 2147483647;
			files = (
			);
			inputFileListPaths = (
				"${PODS_ROOT}/Target Support Files/Pods-jt job timer app/Pods-jt job timer app-frameworks-${CONFIGURATION}-input-files.xcfilelist",
			);
			name = "[CP] Embed Pods Frameworks";
			outputFileListPaths = (
				"${PODS_ROOT}/Target Support Files/Pods-jt job timer app/Pods-jt job timer app-frameworks-${CONFIGURATION}-output-files.xcfilelist",
			);
			runOnlyForDeploymentPostprocessing = 0;
			shellPath = /bin/sh;
			shellScript = "\"${PODS_ROOT}/Target Support Files/Pods-jt job timer app/Pods-jt job timer app-frameworks.sh\"\n";
			showEnvVarsInLog = 0;
		};
		FE618ECE169C8D1F23D666CE /* [CP] Copy Pods Resources */ = {
			isa = PBXShellScriptBuildPhase;
			buildActionMask = 2147483647;
			files = (
			);
			inputFileListPaths = (
				"${PODS_ROOT}/Target Support Files/Pods-jt job timer app/Pods-jt job timer app-resources-${CONFIGURATION}-input-files.xcfilelist",
			);
			name = "[CP] Copy Pods Resources";
			outputFileListPaths = (
				"${PODS_ROOT}/Target Support Files/Pods-jt job timer app/Pods-jt job timer app-resources-${CONFIGURATION}-output-files.xcfilelist",
			);
			runOnlyForDeploymentPostprocessing = 0;
			shellPath = /bin/sh;
			shellScript = "\"${PODS_ROOT}/Target Support Files/Pods-jt job timer app/Pods-jt job timer app-resources.sh\"\n";
			showEnvVarsInLog = 0;
		};
/* End PBXShellScriptBuildPhase section */

/* Begin PBXSourcesBuildPhase section */
		A04B61822590AE5F009C8607 /* Sources */ = {
			isa = PBXSourcesBuildPhase;
			buildActionMask = 2147483647;
			files = (
				A02E70D6264EAD8B00BBCE14 /* BilledViewController.swift in Sources */,
				A0F1EEF12590C28200DDEC94 /* RoundButton.swift in Sources */,
				A015A8D22592827A002BD06D /* ClientViewController.swift in Sources */,
				A04B61942590AE60009C8607 /* jt_job_timer_app.xcdatamodeld in Sources */,
				A014D9EE261E0DD4007CD017 /* DetailCollectionCellCollectionViewCell.swift in Sources */,
				A044348625F51AD9002CBFAD /* ClientListViewController.swift in Sources */,
				A015A8DB259489C8002BD06D /* RoundLabel.swift in Sources */,
				A07EDA4F259DFFB000E4A585 /* ClientDetailViewController.swift in Sources */,
				A06ECACF26CFEC9E0010955E /* LoginViewController.swift in Sources */,
				A0F9A5032652A34C00D34F58 /* BilledCellCollectionViewCell.swift in Sources */,
				A04B618A2590AE60009C8607 /* AppDelegate.swift in Sources */,
				A015A8D825935104002BD06D /* RoundTableView.swift in Sources */,
				A07CDBAB27484C340020828F /* Truncation.swift in Sources */,
				A04B618C2590AE60009C8607 /* SceneDelegate.swift in Sources */,
				A03184B0259FA6EA00D637AF /* AddJobViewController.swift in Sources */,
				A099639A25B9F7530044ECD2 /* Models.swift in Sources */,
				A04B61A62590B9D0009C8607 /* SettingsViewController.swift in Sources */,
				A03184B725A1A53200D637AF /* RoundTextField.swift in Sources */,
				A015A8D52593508E002BD06D /* RoundTableViewCell.swift in Sources */,
				A06ECAD126CFF7800010955E /* TabBarController.swift in Sources */,
				A04B61A32590B98D009C8607 /* HomeViewController.swift in Sources */,
				A015A8DE25948C17002BD06D /* AddClientViewController.swift in Sources */,
			);
			runOnlyForDeploymentPostprocessing = 0;
		};
/* End PBXSourcesBuildPhase section */

/* Begin PBXVariantGroup section */
		A04B618F2590AE60009C8607 /* Main.storyboard */ = {
			isa = PBXVariantGroup;
			children = (
				A04B61902590AE60009C8607 /* Base */,
			);
			name = Main.storyboard;
			sourceTree = "<group>";
		};
		A04B61972590AE60009C8607 /* LaunchScreen.storyboard */ = {
			isa = PBXVariantGroup;
			children = (
				A04B61982590AE60009C8607 /* Base */,
			);
			name = LaunchScreen.storyboard;
			sourceTree = "<group>";
		};
/* End PBXVariantGroup section */

/* Begin XCBuildConfiguration section */
		A04B619B2590AE61009C8607 /* Debug */ = {
			isa = XCBuildConfiguration;
			buildSettings = {
				ALWAYS_SEARCH_USER_PATHS = NO;
				CLANG_ANALYZER_NONNULL = YES;
				CLANG_ANALYZER_NUMBER_OBJECT_CONVERSION = YES_AGGRESSIVE;
				CLANG_CXX_LANGUAGE_STANDARD = "gnu++14";
				CLANG_CXX_LIBRARY = "libc++";
				CLANG_ENABLE_MODULES = YES;
				CLANG_ENABLE_OBJC_ARC = YES;
				CLANG_ENABLE_OBJC_WEAK = YES;
				CLANG_WARN_BLOCK_CAPTURE_AUTORELEASING = YES;
				CLANG_WARN_BOOL_CONVERSION = YES;
				CLANG_WARN_COMMA = YES;
				CLANG_WARN_CONSTANT_CONVERSION = YES;
				CLANG_WARN_DEPRECATED_OBJC_IMPLEMENTATIONS = YES;
				CLANG_WARN_DIRECT_OBJC_ISA_USAGE = YES_ERROR;
				CLANG_WARN_DOCUMENTATION_COMMENTS = YES;
				CLANG_WARN_EMPTY_BODY = YES;
				CLANG_WARN_ENUM_CONVERSION = YES;
				CLANG_WARN_INFINITE_RECURSION = YES;
				CLANG_WARN_INT_CONVERSION = YES;
				CLANG_WARN_NON_LITERAL_NULL_CONVERSION = YES;
				CLANG_WARN_OBJC_IMPLICIT_RETAIN_SELF = YES;
				CLANG_WARN_OBJC_LITERAL_CONVERSION = YES;
				CLANG_WARN_OBJC_ROOT_CLASS = YES_ERROR;
				CLANG_WARN_QUOTED_INCLUDE_IN_FRAMEWORK_HEADER = YES;
				CLANG_WARN_RANGE_LOOP_ANALYSIS = YES;
				CLANG_WARN_STRICT_PROTOTYPES = YES;
				CLANG_WARN_SUSPICIOUS_MOVE = YES;
				CLANG_WARN_UNGUARDED_AVAILABILITY = YES_AGGRESSIVE;
				CLANG_WARN_UNREACHABLE_CODE = YES;
				CLANG_WARN__DUPLICATE_METHOD_MATCH = YES;
				COPY_PHASE_STRIP = NO;
				DEBUG_INFORMATION_FORMAT = dwarf;
				ENABLE_STRICT_OBJC_MSGSEND = YES;
				ENABLE_TESTABILITY = YES;
				GCC_C_LANGUAGE_STANDARD = gnu11;
				GCC_DYNAMIC_NO_PIC = NO;
				GCC_NO_COMMON_BLOCKS = YES;
				GCC_OPTIMIZATION_LEVEL = 0;
				GCC_PREPROCESSOR_DEFINITIONS = (
					"DEBUG=1",
					"$(inherited)",
				);
				GCC_WARN_64_TO_32_BIT_CONVERSION = YES;
				GCC_WARN_ABOUT_RETURN_TYPE = YES_ERROR;
				GCC_WARN_UNDECLARED_SELECTOR = YES;
				GCC_WARN_UNINITIALIZED_AUTOS = YES_AGGRESSIVE;
				GCC_WARN_UNUSED_FUNCTION = YES;
				GCC_WARN_UNUSED_VARIABLE = YES;
				IPHONEOS_DEPLOYMENT_TARGET = 14.2;
				MTL_ENABLE_DEBUG_INFO = INCLUDE_SOURCE;
				MTL_FAST_MATH = YES;
				ONLY_ACTIVE_ARCH = YES;
				SDKROOT = iphoneos;
				SWIFT_ACTIVE_COMPILATION_CONDITIONS = DEBUG;
				SWIFT_OPTIMIZATION_LEVEL = "-Onone";
			};
			name = Debug;
		};
		A04B619C2590AE61009C8607 /* Release */ = {
			isa = XCBuildConfiguration;
			buildSettings = {
				ALWAYS_SEARCH_USER_PATHS = NO;
				CLANG_ANALYZER_NONNULL = YES;
				CLANG_ANALYZER_NUMBER_OBJECT_CONVERSION = YES_AGGRESSIVE;
				CLANG_CXX_LANGUAGE_STANDARD = "gnu++14";
				CLANG_CXX_LIBRARY = "libc++";
				CLANG_ENABLE_MODULES = YES;
				CLANG_ENABLE_OBJC_ARC = YES;
				CLANG_ENABLE_OBJC_WEAK = YES;
				CLANG_WARN_BLOCK_CAPTURE_AUTORELEASING = YES;
				CLANG_WARN_BOOL_CONVERSION = YES;
				CLANG_WARN_COMMA = YES;
				CLANG_WARN_CONSTANT_CONVERSION = YES;
				CLANG_WARN_DEPRECATED_OBJC_IMPLEMENTATIONS = YES;
				CLANG_WARN_DIRECT_OBJC_ISA_USAGE = YES_ERROR;
				CLANG_WARN_DOCUMENTATION_COMMENTS = YES;
				CLANG_WARN_EMPTY_BODY = YES;
				CLANG_WARN_ENUM_CONVERSION = YES;
				CLANG_WARN_INFINITE_RECURSION = YES;
				CLANG_WARN_INT_CONVERSION = YES;
				CLANG_WARN_NON_LITERAL_NULL_CONVERSION = YES;
				CLANG_WARN_OBJC_IMPLICIT_RETAIN_SELF = YES;
				CLANG_WARN_OBJC_LITERAL_CONVERSION = YES;
				CLANG_WARN_OBJC_ROOT_CLASS = YES_ERROR;
				CLANG_WARN_QUOTED_INCLUDE_IN_FRAMEWORK_HEADER = YES;
				CLANG_WARN_RANGE_LOOP_ANALYSIS = YES;
				CLANG_WARN_STRICT_PROTOTYPES = YES;
				CLANG_WARN_SUSPICIOUS_MOVE = YES;
				CLANG_WARN_UNGUARDED_AVAILABILITY = YES_AGGRESSIVE;
				CLANG_WARN_UNREACHABLE_CODE = YES;
				CLANG_WARN__DUPLICATE_METHOD_MATCH = YES;
				COPY_PHASE_STRIP = NO;
				DEBUG_INFORMATION_FORMAT = "dwarf-with-dsym";
				ENABLE_NS_ASSERTIONS = NO;
				ENABLE_STRICT_OBJC_MSGSEND = YES;
				GCC_C_LANGUAGE_STANDARD = gnu11;
				GCC_NO_COMMON_BLOCKS = YES;
				GCC_WARN_64_TO_32_BIT_CONVERSION = YES;
				GCC_WARN_ABOUT_RETURN_TYPE = YES_ERROR;
				GCC_WARN_UNDECLARED_SELECTOR = YES;
				GCC_WARN_UNINITIALIZED_AUTOS = YES_AGGRESSIVE;
				GCC_WARN_UNUSED_FUNCTION = YES;
				GCC_WARN_UNUSED_VARIABLE = YES;
				IPHONEOS_DEPLOYMENT_TARGET = 14.2;
				MTL_ENABLE_DEBUG_INFO = NO;
				MTL_FAST_MATH = YES;
				SDKROOT = iphoneos;
				SWIFT_COMPILATION_MODE = wholemodule;
				SWIFT_OPTIMIZATION_LEVEL = "-O";
				VALIDATE_PRODUCT = YES;
			};
			name = Release;
		};
		A04B619E2590AE61009C8607 /* Debug */ = {
			isa = XCBuildConfiguration;
			baseConfigurationReference = D88E16EB3AC5E78F72F7731B /* Pods-jt job timer app.debug.xcconfig */;
			buildSettings = {
				ASSETCATALOG_COMPILER_APPICON_NAME = AppIcon;
				ASSETCATALOG_COMPILER_GLOBAL_ACCENT_COLOR_NAME = AccentColor;
				CODE_SIGN_ENTITLEMENTS = "jt job timer app/jt job timer app.entitlements";
				CODE_SIGN_STYLE = Automatic;
				DEVELOPMENT_TEAM = FWDSDKN998;
				INFOPLIST_FILE = "jt job timer app/Info.plist";
				IPHONEOS_DEPLOYMENT_TARGET = 14.1;
				LD_RUNPATH_SEARCH_PATHS = (
					"$(inherited)",
					"@executable_path/Frameworks",
				);
				MARKETING_VERSION = 1.1.3;
				PRODUCT_BUNDLE_IDENTIFIER = "Alberto-Giambone.jt-job-timer-app";
				PRODUCT_NAME = "$(TARGET_NAME)";
				SWIFT_VERSION = 5.0;
				TARGETED_DEVICE_FAMILY = 1;
			};
			name = Debug;
		};
		A04B619F2590AE61009C8607 /* Release */ = {
			isa = XCBuildConfiguration;
			baseConfigurationReference = 410BC18F2161DF8106BE201B /* Pods-jt job timer app.release.xcconfig */;
			buildSettings = {
				ASSETCATALOG_COMPILER_APPICON_NAME = AppIcon;
				ASSETCATALOG_COMPILER_GLOBAL_ACCENT_COLOR_NAME = AccentColor;
				CODE_SIGN_ENTITLEMENTS = "jt job timer app/jt job timer app.entitlements";
				CODE_SIGN_STYLE = Automatic;
				DEVELOPMENT_TEAM = FWDSDKN998;
				INFOPLIST_FILE = "jt job timer app/Info.plist";
				IPHONEOS_DEPLOYMENT_TARGET = 14.1;
				LD_RUNPATH_SEARCH_PATHS = (
					"$(inherited)",
					"@executable_path/Frameworks",
				);
				MARKETING_VERSION = 1.1.3;
				PRODUCT_BUNDLE_IDENTIFIER = "Alberto-Giambone.jt-job-timer-app";
				PRODUCT_NAME = "$(TARGET_NAME)";
				SWIFT_VERSION = 5.0;
				TARGETED_DEVICE_FAMILY = 1;
			};
			name = Release;
		};
/* End XCBuildConfiguration section */

/* Begin XCConfigurationList section */
		A04B61812590AE5F009C8607 /* Build configuration list for PBXProject "jt job timer app" */ = {
			isa = XCConfigurationList;
			buildConfigurations = (
				A04B619B2590AE61009C8607 /* Debug */,
				A04B619C2590AE61009C8607 /* Release */,
			);
			defaultConfigurationIsVisible = 0;
			defaultConfigurationName = Release;
		};
		A04B619D2590AE61009C8607 /* Build configuration list for PBXNativeTarget "jt job timer app" */ = {
			isa = XCConfigurationList;
			buildConfigurations = (
				A04B619E2590AE61009C8607 /* Debug */,
				A04B619F2590AE61009C8607 /* Release */,
			);
			defaultConfigurationIsVisible = 0;
			defaultConfigurationName = Release;
		};
/* End XCConfigurationList section */

/* Begin XCVersionGroup section */
		A04B61922590AE60009C8607 /* jt_job_timer_app.xcdatamodeld */ = {
			isa = XCVersionGroup;
			children = (
				A04B61932590AE60009C8607 /* jt_job_timer_app.xcdatamodel */,
			);
			currentVersion = A04B61932590AE60009C8607 /* jt_job_timer_app.xcdatamodel */;
			path = jt_job_timer_app.xcdatamodeld;
			sourceTree = "<group>";
			versionGroupType = wrapper.xcdatamodel;
		};
/* End XCVersionGroup section */
	};
	rootObject = A04B617E2590AE5F009C8607 /* Project object */;
}
